// !$*UTF8*$!
{
	archiveVersion = 1;
	classes = {
	};
	objectVersion = 50;
	objects = {

/* Begin PBXBuildFile section */
		C3E1C88B267A067600F61098 /* AppDelegate.swift in Sources */ = {isa = PBXBuildFile; fileRef = C3E1C88A267A067600F61098 /* AppDelegate.swift */; };
		C3E1C88D267A067600F61098 /* SceneDelegate.swift in Sources */ = {isa = PBXBuildFile; fileRef = C3E1C88C267A067600F61098 /* SceneDelegate.swift */; };
		C3E1C88F267A067600F61098 /* ViewController.swift in Sources */ = {isa = PBXBuildFile; fileRef = C3E1C88E267A067600F61098 /* ViewController.swift */; };
		C3E1C892267A067600F61098 /* Main.storyboard in Resources */ = {isa = PBXBuildFile; fileRef = C3E1C890267A067600F61098 /* Main.storyboard */; };
		C3E1C894267A067700F61098 /* Assets.xcassets in Resources */ = {isa = PBXBuildFile; fileRef = C3E1C893267A067700F61098 /* Assets.xcassets */; };
		C3E1C897267A067700F61098 /* LaunchScreen.storyboard in Resources */ = {isa = PBXBuildFile; fileRef = C3E1C895267A067700F61098 /* LaunchScreen.storyboard */; };
		C3E1C8AC267A07AC00F61098 /* ReusableViewsScrollView.swift in Sources */ = {isa = PBXBuildFile; fileRef = C3E1C8AB267A07AC00F61098 /* ReusableViewsScrollView.swift */; };
		C3E1C8B0267A0BC000F61098 /* InfiniteScrollView.swift in Sources */ = {isa = PBXBuildFile; fileRef = C3E1C8AF267A0BC000F61098 /* InfiniteScrollView.swift */; };
/* End PBXBuildFile section */

/* Begin PBXFileReference section */
		C3E1C887267A067600F61098 /* parallax_scrollView.app */ = {isa = PBXFileReference; explicitFileType = wrapper.application; includeInIndex = 0; path = parallax_scrollView.app; sourceTree = BUILT_PRODUCTS_DIR; };
		C3E1C88A267A067600F61098 /* AppDelegate.swift */ = {isa = PBXFileReference; lastKnownFileType = sourcecode.swift; path = AppDelegate.swift; sourceTree = "<group>"; };
		C3E1C88C267A067600F61098 /* SceneDelegate.swift */ = {isa = PBXFileReference; lastKnownFileType = sourcecode.swift; path = SceneDelegate.swift; sourceTree = "<group>"; };
		C3E1C88E267A067600F61098 /* ViewController.swift */ = {isa = PBXFileReference; lastKnownFileType = sourcecode.swift; path = ViewController.swift; sourceTree = "<group>"; };
		C3E1C891267A067600F61098 /* Base */ = {isa = PBXFileReference; lastKnownFileType = file.storyboard; name = Base; path = Base.lproj/Main.storyboard; sourceTree = "<group>"; };
		C3E1C893267A067700F61098 /* Assets.xcassets */ = {isa = PBXFileReference; lastKnownFileType = folder.assetcatalog; path = Assets.xcassets; sourceTree = "<group>"; };
		C3E1C896267A067700F61098 /* Base */ = {isa = PBXFileReference; lastKnownFileType = file.storyboard; name = Base; path = Base.lproj/LaunchScreen.storyboard; sourceTree = "<group>"; };
		C3E1C898267A067700F61098 /* Info.plist */ = {isa = PBXFileReference; lastKnownFileType = text.plist.xml; path = Info.plist; sourceTree = "<group>"; };
		C3E1C8AB267A07AC00F61098 /* ReusableViewsScrollView.swift */ = {isa = PBXFileReference; lastKnownFileType = sourcecode.swift; path = ReusableViewsScrollView.swift; sourceTree = "<group>"; };
		C3E1C8AF267A0BC000F61098 /* InfiniteScrollView.swift */ = {isa = PBXFileReference; lastKnownFileType = sourcecode.swift; path = InfiniteScrollView.swift; sourceTree = "<group>"; };
/* End PBXFileReference section */

/* Begin PBXFrameworksBuildPhase section */
		C3E1C884267A067600F61098 /* Frameworks */ = {
			isa = PBXFrameworksBuildPhase;
			buildActionMask = 2147483647;
			files = (
			);
			runOnlyForDeploymentPostprocessing = 0;
		};
/* End PBXFrameworksBuildPhase section */

/* Begin PBXGroup section */
		C3E1C87E267A067600F61098 = {
			isa = PBXGroup;
			children = (
				C3E1C889267A067600F61098 /* parallax_scrollView */,
				C3E1C888267A067600F61098 /* Products */,
			);
			sourceTree = "<group>";
		};
		C3E1C888267A067600F61098 /* Products */ = {
			isa = PBXGroup;
			children = (
				C3E1C887267A067600F61098 /* parallax_scrollView.app */,
			);
			name = Products;
			sourceTree = "<group>";
		};
		C3E1C889267A067600F61098 /* parallax_scrollView */ = {
			isa = PBXGroup;
			children = (
				C3E1C8A3267A076800F61098 /* ScrollViews */,
				C3E1C88A267A067600F61098 /* AppDelegate.swift */,
				C3E1C88C267A067600F61098 /* SceneDelegate.swift */,
				C3E1C88E267A067600F61098 /* ViewController.swift */,
				C3E1C890267A067600F61098 /* Main.storyboard */,
				C3E1C893267A067700F61098 /* Assets.xcassets */,
				C3E1C895267A067700F61098 /* LaunchScreen.storyboard */,
				C3E1C898267A067700F61098 /* Info.plist */,
			);
			path = parallax_scrollView;
			sourceTree = "<group>";
		};
		C3E1C8A3267A076800F61098 /* ScrollViews */ = {
			isa = PBXGroup;
			children = (
				C3E1C8AB267A07AC00F61098 /* ReusableViewsScrollView.swift */,
				C3E1C8AF267A0BC000F61098 /* InfiniteScrollView.swift */,
			);
			path = ScrollViews;
			sourceTree = "<group>";
		};
/* End PBXGroup section */

/* Begin PBXNativeTarget section */
		C3E1C886267A067600F61098 /* parallax_scrollView */ = {
			isa = PBXNativeTarget;
			buildConfigurationList = C3E1C89B267A067700F61098 /* Build configuration list for PBXNativeTarget "parallax_scrollView" */;
			buildPhases = (
				C3E1C883267A067600F61098 /* Sources */,
				C3E1C884267A067600F61098 /* Frameworks */,
				C3E1C885267A067600F61098 /* Resources */,
			);
			buildRules = (
			);
			dependencies = (
			);
			name = parallax_scrollView;
			productName = parallax_scrollView;
			productReference = C3E1C887267A067600F61098 /* parallax_scrollView.app */;
			productType = "com.apple.product-type.application";
		};
/* End PBXNativeTarget section */

/* Begin PBXProject section */
		C3E1C87F267A067600F61098 /* Project object */ = {
			isa = PBXProject;
			attributes = {
				LastSwiftUpdateCheck = 1240;
				LastUpgradeCheck = 1240;
				TargetAttributes = {
					C3E1C886267A067600F61098 = {
						CreatedOnToolsVersion = 12.4;
					};
				};
			};
			buildConfigurationList = C3E1C882267A067600F61098 /* Build configuration list for PBXProject "parallax_scrollView" */;
			compatibilityVersion = "Xcode 9.3";
			developmentRegion = en;
			hasScannedForEncodings = 0;
			knownRegions = (
				en,
				Base,
			);
			mainGroup = C3E1C87E267A067600F61098;
			productRefGroup = C3E1C888267A067600F61098 /* Products */;
			projectDirPath = "";
			projectRoot = "";
			targets = (
				C3E1C886267A067600F61098 /* parallax_scrollView */,
			);
		};
/* End PBXProject section */

/* Begin PBXResourcesBuildPhase section */
		C3E1C885267A067600F61098 /* Resources */ = {
			isa = PBXResourcesBuildPhase;
			buildActionMask = 2147483647;
			files = (
				C3E1C897267A067700F61098 /* LaunchScreen.storyboard in Resources */,
				C3E1C894267A067700F61098 /* Assets.xcassets in Resources */,
				C3E1C892267A067600F61098 /* Main.storyboard in Resources */,
			);
			runOnlyForDeploymentPostprocessing = 0;
		};
/* End PBXResourcesBuildPhase section */

/* Begin PBXSourcesBuildPhase section */
		C3E1C883267A067600F61098 /* Sources */ = {
			isa = PBXSourcesBuildPhase;
			buildActionMask = 2147483647;
			files = (
				C3E1C88F267A067600F61098 /* ViewController.swift in Sources */,
				C3E1C88B267A067600F61098 /* AppDelegate.swift in Sources */,
				C3E1C8B0267A0BC000F61098 /* InfiniteScrollView.swift in Sources */,
				C3E1C8AC267A07AC00F61098 /* ReusableViewsScrollView.swift in Sources */,
				C3E1C88D267A067600F61098 /* SceneDelegate.swift in Sources */,
			);
			runOnlyForDeploymentPostprocessing = 0;
		};
/* End PBXSourcesBuildPhase section */

/* Begin PBXVariantGroup section */
		C3E1C890267A067600F61098 /* Main.storyboard */ = {
			isa = PBXVariantGroup;
			children = (
				C3E1C891267A067600F61098 /* Base */,
			);
			name = Main.storyboard;
			sourceTree = "<group>";
		};
		C3E1C895267A067700F61098 /* LaunchScreen.storyboard */ = {
			isa = PBXVariantGroup;
			children = (
				C3E1C896267A067700F61098 /* Base */,
			);
			name = LaunchScreen.storyboard;
			sourceTree = "<group>";
		};
/* End PBXVariantGroup section */

/* Begin XCBuildConfiguration section */
		C3E1C899267A067700F61098 /* Debug */ = {
			isa = XCBuildConfiguration;
			buildSettings = {
				ALWAYS_SEARCH_USER_PATHS = NO;
				CLANG_ANALYZER_NONNULL = YES;
				CLANG_ANALYZER_NUMBER_OBJECT_CONVERSION = YES_AGGRESSIVE;
				CLANG_CXX_LANGUAGE_STANDARD = "gnu++14";
				CLANG_CXX_LIBRARY = "libc++";
				CLANG_ENABLE_MODULES = YES;
				CLANG_ENABLE_OBJC_ARC = YES;
				CLANG_ENABLE_OBJC_WEAK = YES;
				CLANG_WARN_BLOCK_CAPTURE_AUTORELEASING = YES;
				CLANG_WARN_BOOL_CONVERSION = YES;
				CLANG_WARN_COMMA = YES;
				CLANG_WARN_CONSTANT_CONVERSION = YES;
				CLANG_WARN_DEPRECATED_OBJC_IMPLEMENTATIONS = YES;
				CLANG_WARN_DIRECT_OBJC_ISA_USAGE = YES_ERROR;
				CLANG_WARN_DOCUMENTATION_COMMENTS = YES;
				CLANG_WARN_EMPTY_BODY = YES;
				CLANG_WARN_ENUM_CONVERSION = YES;
				CLANG_WARN_INFINITE_RECURSION = YES;
				CLANG_WARN_INT_CONVERSION = YES;
				CLANG_WARN_NON_LITERAL_NULL_CONVERSION = YES;
				CLANG_WARN_OBJC_IMPLICIT_RETAIN_SELF = YES;
				CLANG_WARN_OBJC_LITERAL_CONVERSION = YES;
				CLANG_WARN_OBJC_ROOT_CLASS = YES_ERROR;
				CLANG_WARN_QUOTED_INCLUDE_IN_FRAMEWORK_HEADER = YES;
				CLANG_WARN_RANGE_LOOP_ANALYSIS = YES;
				CLANG_WARN_STRICT_PROTOTYPES = YES;
				CLANG_WARN_SUSPICIOUS_MOVE = YES;
				CLANG_WARN_UNGUARDED_AVAILABILITY = YES_AGGRESSIVE;
				CLANG_WARN_UNREACHABLE_CODE = YES;
				CLANG_WARN__DUPLICATE_METHOD_MATCH = YES;
				COPY_PHASE_STRIP = NO;
				DEBUG_INFORMATION_FORMAT = dwarf;
				ENABLE_STRICT_OBJC_MSGSEND = YES;
				ENABLE_TESTABILITY = YES;
				GCC_C_LANGUAGE_STANDARD = gnu11;
				GCC_DYNAMIC_NO_PIC = NO;
				GCC_NO_COMMON_BLOCKS = YES;
				GCC_OPTIMIZATION_LEVEL = 0;
				GCC_PREPROCESSOR_DEFINITIONS = (
					"DEBUG=1",
					"$(inherited)",
				);
				GCC_WARN_64_TO_32_BIT_CONVERSION = YES;
				GCC_WARN_ABOUT_RETURN_TYPE = YES_ERROR;
				GCC_WARN_UNDECLARED_SELECTOR = YES;
				GCC_WARN_UNINITIALIZED_AUTOS = YES_AGGRESSIVE;
				GCC_WARN_UNUSED_FUNCTION = YES;
				GCC_WARN_UNUSED_VARIABLE = YES;
				IPHONEOS_DEPLOYMENT_TARGET = 14.4;
				MTL_ENABLE_DEBUG_INFO = INCLUDE_SOURCE;
				MTL_FAST_MATH = YES;
				ONLY_ACTIVE_ARCH = YES;
				SDKROOT = iphoneos;
				SWIFT_ACTIVE_COMPILATION_CONDITIONS = DEBUG;
				SWIFT_OPTIMIZATION_LEVEL = "-Onone";
			};
			name = Debug;
		};
		C3E1C89A267A067700F61098 /* Release */ = {
			isa = XCBuildConfiguration;
			buildSettings = {
				ALWAYS_SEARCH_USER_PATHS = NO;
				CLANG_ANALYZER_NONNULL = YES;
				CLANG_ANALYZER_NUMBER_OBJECT_CONVERSION = YES_AGGRESSIVE;
				CLANG_CXX_LANGUAGE_STANDARD = "gnu++14";
				CLANG_CXX_LIBRARY = "libc++";
				CLANG_ENABLE_MODULES = YES;
				CLANG_ENABLE_OBJC_ARC = YES;
				CLANG_ENABLE_OBJC_WEAK = YES;
				CLANG_WARN_BLOCK_CAPTURE_AUTORELEASING = YES;
				CLANG_WARN_BOOL_CONVERSION = YES;
				CLANG_WARN_COMMA = YES;
				CLANG_WARN_CONSTANT_CONVERSION = YES;
				CLANG_WARN_DEPRECATED_OBJC_IMPLEMENTATIONS = YES;
				CLANG_WARN_DIRECT_OBJC_ISA_USAGE = YES_ERROR;
				CLANG_WARN_DOCUMENTATION_COMMENTS = YES;
				CLANG_WARN_EMPTY_BODY = YES;
				CLANG_WARN_ENUM_CONVERSION = YES;
				CLANG_WARN_INFINITE_RECURSION = YES;
				CLANG_WARN_INT_CONVERSION = YES;
				CLANG_WARN_NON_LITERAL_NULL_CONVERSION = YES;
				CLANG_WARN_OBJC_IMPLICIT_RETAIN_SELF = YES;
				CLANG_WARN_OBJC_LITERAL_CONVERSION = YES;
				CLANG_WARN_OBJC_ROOT_CLASS = YES_ERROR;
				CLANG_WARN_QUOTED_INCLUDE_IN_FRAMEWORK_HEADER = YES;
				CLANG_WARN_RANGE_LOOP_ANALYSIS = YES;
				CLANG_WARN_STRICT_PROTOTYPES = YES;
				CLANG_WARN_SUSPICIOUS_MOVE = YES;
				CLANG_WARN_UNGUARDED_AVAILABILITY = YES_AGGRESSIVE;
				CLANG_WARN_UNREACHABLE_CODE = YES;
				CLANG_WARN__DUPLICATE_METHOD_MATCH = YES;
				COPY_PHASE_STRIP = NO;
				DEBUG_INFORMATION_FORMAT = "dwarf-with-dsym";
				ENABLE_NS_ASSERTIONS = NO;
				ENABLE_STRICT_OBJC_MSGSEND = YES;
				GCC_C_LANGUAGE_STANDARD = gnu11;
				GCC_NO_COMMON_BLOCKS = YES;
				GCC_WARN_64_TO_32_BIT_CONVERSION = YES;
				GCC_WARN_ABOUT_RETURN_TYPE = YES_ERROR;
				GCC_WARN_UNDECLARED_SELECTOR = YES;
				GCC_WARN_UNINITIALIZED_AUTOS = YES_AGGRESSIVE;
				GCC_WARN_UNUSED_FUNCTION = YES;
				GCC_WARN_UNUSED_VARIABLE = YES;
				IPHONEOS_DEPLOYMENT_TARGET = 14.4;
				MTL_ENABLE_DEBUG_INFO = NO;
				MTL_FAST_MATH = YES;
				SDKROOT = iphoneos;
				SWIFT_COMPILATION_MODE = wholemodule;
				SWIFT_OPTIMIZATION_LEVEL = "-O";
				VALIDATE_PRODUCT = YES;
			};
			name = Release;
		};
		C3E1C89C267A067700F61098 /* Debug */ = {
			isa = XCBuildConfiguration;
			buildSettings = {
				ASSETCATALOG_COMPILER_APPICON_NAME = AppIcon;
				ASSETCATALOG_COMPILER_GLOBAL_ACCENT_COLOR_NAME = AccentColor;
				CODE_SIGN_STYLE = Automatic;
				DEVELOPMENT_TEAM = TX8377YQ35;
				INFOPLIST_FILE = parallax_scrollView/Info.plist;
				LD_RUNPATH_SEARCH_PATHS = (
					"$(inherited)",
					"@executable_path/Frameworks",
				);
				PRODUCT_BUNDLE_IDENTIFIER = "self.morarivv.parallax-scrollView";
				PRODUCT_NAME = "$(TARGET_NAME)";
				SWIFT_VERSION = 5.0;
				TARGETED_DEVICE_FAMILY = "1,2";
			};
			name = Debug;
		};
		C3E1C89D267A067700F61098 /* Release */ = {
			isa = XCBuildConfiguration;
			buildSettings = {
				ASSETCATALOG_COMPILER_APPICON_NAME = AppIcon;
				ASSETCATALOG_COMPILER_GLOBAL_ACCENT_COLOR_NAME = AccentColor;
				CODE_SIGN_STYLE = Automatic;
				DEVELOPMENT_TEAM = TX8377YQ35;
				INFOPLIST_FILE = parallax_scrollView/Info.plist;
				LD_RUNPATH_SEARCH_PATHS = (
					"$(inherited)",
					"@executable_path/Frameworks",
				);
				PRODUCT_BUNDLE_IDENTIFIER = "self.morarivv.parallax-scrollView";
				PRODUCT_NAME = "$(TARGET_NAME)";
				SWIFT_VERSION = 5.0;
				TARGETED_DEVICE_FAMILY = "1,2";
			};
			name = Release;
		};
/* End XCBuildConfiguration section */

/* Begin XCConfigurationList section */
		C3E1C882267A067600F61098 /* Build configuration list for PBXProject "parallax_scrollView" */ = {
			isa = XCConfigurationList;
			buildConfigurations = (
				C3E1C899267A067700F61098 /* Debug */,
				C3E1C89A267A067700F61098 /* Release */,
			);
			defaultConfigurationIsVisible = 0;
			defaultConfigurationName = Release;
		};
		C3E1C89B267A067700F61098 /* Build configuration list for PBXNativeTarget "parallax_scrollView" */ = {
			isa = XCConfigurationList;
			buildConfigurations = (
				C3E1C89C267A067700F61098 /* Debug */,
				C3E1C89D267A067700F61098 /* Release */,
			);
			defaultConfigurationIsVisible = 0;
			defaultConfigurationName = Release;
		};
/* End XCConfigurationList section */
	};
	rootObject = C3E1C87F267A067600F61098 /* Project object */;
}
